
Microsoft Visual Studio Solution File, Format Version 12.00
# Visual Studio Version 16
VisualStudioVersion = 16.0.29613.14
MinimumVisualStudioVersion = 10.0.40219.1
Project("{FAE04EC0-301F-11D3-BF4B-00C04F79EFBC}") = "VisualMapper", "VisualMapper\VisualMapper.csproj", "{F45396F1-58B4-41E5-8AA1-0CE1B1B3FA93}"
EndProject
Global
	GlobalSection(SolutionConfigurationPlatforms) = preSolution
		Debug|Any CPU = Debug|Any CPU
		Release|Any CPU = Release|Any CPU
	EndGlobalSection
	GlobalSection(ProjectConfigurationPlatforms) = postSolution
		{F45396F1-58B4-41E5-8AA1-0CE1B1B3FA93}.Debug|Any CPU.ActiveCfg = Debug|Any CPU
		{F45396F1-58B4-41E5-8AA1-0CE1B1B3FA93}.Debug|Any CPU.Build.0 = Debug|Any CPU
		{F45396F1-58B4-41E5-8AA1-0CE1B1B3FA93}.Release|Any CPU.ActiveCfg = Release|Any CPU
		{F45396F1-58B4-41E5-8AA1-0CE1B1B3FA93}.Release|Any CPU.Build.0 = Release|Any CPU
	EndGlobalSection
	GlobalSection(SolutionProperties) = preSolution
		HideSolutionNode = FALSE
	EndGlobalSection
	GlobalSection(ExtensibilityGlobals) = postSolution
		SolutionGuid = {BB64F6CD-6B4C-4AF8-A3DF-A4C151EAA323}
	EndGlobalSection
EndGlobal
